
Microsoft Visual Studio Solution File, Format Version 12.00
# Visual Studio Version 17
VisualStudioVersion = 17.9.34701.34
MinimumVisualStudioVersion = 10.0.40219.1
Project("{9A19103F-16F7-4668-BE54-9A1E7A4F7556}") = "GhighoTest", "GhighoTest.csproj", "{999409D0-B208-40C3-A271-B8C423F1194E}"
EndProject
Global
	GlobalSection(SolutionConfigurationPlatforms) = preSolution
		Debug|Any CPU = Debug|Any CPU
		Release|Any CPU = Release|Any CPU
	EndGlobalSection
	GlobalSection(ProjectConfigurationPlatforms) = postSolution
		{999409D0-B208-40C3-A271-B8C423F1194E}.Debug|Any CPU.ActiveCfg = Debug|Any CPU
		{999409D0-B208-40C3-A271-B8C423F1194E}.Debug|Any CPU.Build.0 = Debug|Any CPU
		{999409D0-B208-40C3-A271-B8C423F1194E}.Release|Any CPU.ActiveCfg = Release|Any CPU
		{999409D0-B208-40C3-A271-B8C423F1194E}.Release|Any CPU.Build.0 = Release|Any CPU
	EndGlobalSection
	GlobalSection(SolutionProperties) = preSolution
		HideSolutionNode = FALSE
	EndGlobalSection
	GlobalSection(ExtensibilityGlobals) = postSolution
		SolutionGuid = {C8C38A03-270F-4A92-962E-64FE41360FAA}
	EndGlobalSection
EndGlobal
